
Microsoft Visual Studio Solution File, Format Version 12.00
Project("{FAE04EC0-301F-11D3-BF4B-00C04F79EFBC}") = "MovieVault", "MovieVault\MovieVault.csproj", "{A354FF51-BB32-4514-AD5F-1867E8E4CF32}"
EndProject
Global
	GlobalSection(SolutionConfigurationPlatforms) = preSolution
		Debug|Any CPU = Debug|Any CPU
		Release|Any CPU = Release|Any CPU
	EndGlobalSection
	GlobalSection(ProjectConfigurationPlatforms) = postSolution
		{A354FF51-BB32-4514-AD5F-1867E8E4CF32}.Debug|Any CPU.ActiveCfg = Debug|Any CPU
		{A354FF51-BB32-4514-AD5F-1867E8E4CF32}.Debug|Any CPU.Build.0 = Debug|Any CPU
		{A354FF51-BB32-4514-AD5F-1867E8E4CF32}.Release|Any CPU.ActiveCfg = Release|Any CPU
		{A354FF51-BB32-4514-AD5F-1867E8E4CF32}.Release|Any CPU.Build.0 = Release|Any CPU
	EndGlobalSection
EndGlobal
